
Microsoft Visual Studio Solution File, Format Version 12.00
# Visual Studio Version 16
VisualStudioVersion = 16.0.29519.181
MinimumVisualStudioVersion = 10.0.40219.1
Project("{FAE04EC0-301F-11D3-BF4B-00C04F79EFBC}") = "GitHubPackageTest", "GitHubPackageTest\GitHubPackageTest.csproj", "{EB38E124-77DD-4F04-88F0-0D570C4ED159}"
EndProject
Global
	GlobalSection(SolutionConfigurationPlatforms) = preSolution
		Debug|Any CPU = Debug|Any CPU
		Release|Any CPU = Release|Any CPU
	EndGlobalSection
	GlobalSection(ProjectConfigurationPlatforms) = postSolution
		{EB38E124-77DD-4F04-88F0-0D570C4ED159}.Debug|Any CPU.ActiveCfg = Debug|Any CPU
		{EB38E124-77DD-4F04-88F0-0D570C4ED159}.Debug|Any CPU.Build.0 = Debug|Any CPU
		{EB38E124-77DD-4F04-88F0-0D570C4ED159}.Release|Any CPU.ActiveCfg = Release|Any CPU
		{EB38E124-77DD-4F04-88F0-0D570C4ED159}.Release|Any CPU.Build.0 = Release|Any CPU
	EndGlobalSection
	GlobalSection(SolutionProperties) = preSolution
		HideSolutionNode = FALSE
	EndGlobalSection
	GlobalSection(ExtensibilityGlobals) = postSolution
		SolutionGuid = {5647B33C-95EE-4B83-9615-8619875B8DA4}
	EndGlobalSection
EndGlobal
